// !$*UTF8*$!
{
	archiveVersion = 1;
	classes = {
	};
	objectVersion = 46;
	objects = {

/* Begin PBXBuildFile section */
		FC5E09B619E1BFC200124616 /* main.m in Sources */ = {isa = PBXBuildFile; fileRef = FC5E09B519E1BFC200124616 /* main.m */; };
		FC5E09B919E1BFC200124616 /* AppDelegate.m in Sources */ = {isa = PBXBuildFile; fileRef = FC5E09B819E1BFC200124616 /* AppDelegate.m */; };
		FC5E09BC19E1BFC200124616 /* WebBrowserViewController.m in Sources */ = {isa = PBXBuildFile; fileRef = FC5E09BB19E1BFC200124616 /* WebBrowserViewController.m */; };
		FC5E09BF19E1BFC200124616 /* Main.storyboard in Resources */ = {isa = PBXBuildFile; fileRef = FC5E09BD19E1BFC200124616 /* Main.storyboard */; };
		FC5E09C119E1BFC200124616 /* Images.xcassets in Resources */ = {isa = PBXBuildFile; fileRef = FC5E09C019E1BFC200124616 /* Images.xcassets */; };
		FC5E09C419E1BFC200124616 /* LaunchScreen.xib in Resources */ = {isa = PBXBuildFile; fileRef = FC5E09C219E1BFC200124616 /* LaunchScreen.xib */; };
		FC5E09D019E1BFC200124616 /* BlocBrowserTests.m in Sources */ = {isa = PBXBuildFile; fileRef = FC5E09CF19E1BFC200124616 /* BlocBrowserTests.m */; };
		FCB3401B19E2165600997E34 /* AwesomeFloatingToolbar.m in Sources */ = {isa = PBXBuildFile; fileRef = FCB3401A19E2165600997E34 /* AwesomeFloatingToolbar.m */; };
/* End PBXBuildFile section */

/* Begin PBXContainerItemProxy section */
		FC5E09CA19E1BFC200124616 /* PBXContainerItemProxy */ = {
			isa = PBXContainerItemProxy;
			containerPortal = FC5E09A819E1BFC200124616 /* Project object */;
			proxyType = 1;
			remoteGlobalIDString = FC5E09AF19E1BFC200124616;
			remoteInfo = BlocBrowser;
		};
/* End PBXContainerItemProxy section */

/* Begin PBXFileReference section */
		FC5E09B019E1BFC200124616 /* BlocBrowser.app */ = {isa = PBXFileReference; explicitFileType = wrapper.application; includeInIndex = 0; path = BlocBrowser.app; sourceTree = BUILT_PRODUCTS_DIR; };
		FC5E09B419E1BFC200124616 /* Info.plist */ = {isa = PBXFileReference; lastKnownFileType = text.plist.xml; path = Info.plist; sourceTree = "<group>"; };
		FC5E09B519E1BFC200124616 /* main.m */ = {isa = PBXFileReference; lastKnownFileType = sourcecode.c.objc; path = main.m; sourceTree = "<group>"; };
		FC5E09B719E1BFC200124616 /* AppDelegate.h */ = {isa = PBXFileReference; lastKnownFileType = sourcecode.c.h; path = AppDelegate.h; sourceTree = "<group>"; };
		FC5E09B819E1BFC200124616 /* AppDelegate.m */ = {isa = PBXFileReference; lastKnownFileType = sourcecode.c.objc; path = AppDelegate.m; sourceTree = "<group>"; };
		FC5E09BA19E1BFC200124616 /* WebBrowserViewController.h */ = {isa = PBXFileReference; lastKnownFileType = sourcecode.c.h; path = WebBrowserViewController.h; sourceTree = "<group>"; };
		FC5E09BB19E1BFC200124616 /* WebBrowserViewController.m */ = {isa = PBXFileReference; lastKnownFileType = sourcecode.c.objc; path = WebBrowserViewController.m; sourceTree = "<group>"; };
		FC5E09BE19E1BFC200124616 /* Base */ = {isa = PBXFileReference; lastKnownFileType = file.storyboard; name = Base; path = Base.lproj/Main.storyboard; sourceTree = "<group>"; };
		FC5E09C019E1BFC200124616 /* Images.xcassets */ = {isa = PBXFileReference; lastKnownFileType = folder.assetcatalog; path = Images.xcassets; sourceTree = "<group>"; };
		FC5E09C319E1BFC200124616 /* Base */ = {isa = PBXFileReference; lastKnownFileType = file.xib; name = Base; path = Base.lproj/LaunchScreen.xib; sourceTree = "<group>"; };
		FC5E09C919E1BFC200124616 /* BlocBrowserTests.xctest */ = {isa = PBXFileReference; explicitFileType = wrapper.cfbundle; includeInIndex = 0; path = BlocBrowserTests.xctest; sourceTree = BUILT_PRODUCTS_DIR; };
		FC5E09CE19E1BFC200124616 /* Info.plist */ = {isa = PBXFileReference; lastKnownFileType = text.plist.xml; path = Info.plist; sourceTree = "<group>"; };
		FC5E09CF19E1BFC200124616 /* BlocBrowserTests.m */ = {isa = PBXFileReference; lastKnownFileType = sourcecode.c.objc; path = BlocBrowserTests.m; sourceTree = "<group>"; };
		FCB3401919E2165600997E34 /* AwesomeFloatingToolbar.h */ = {isa = PBXFileReference; fileEncoding = 4; lastKnownFileType = sourcecode.c.h; path = AwesomeFloatingToolbar.h; sourceTree = "<group>"; };
		FCB3401A19E2165600997E34 /* AwesomeFloatingToolbar.m */ = {isa = PBXFileReference; fileEncoding = 4; lastKnownFileType = sourcecode.c.objc; path = AwesomeFloatingToolbar.m; sourceTree = "<group>"; };
/* End PBXFileReference section */

/* Begin PBXFrameworksBuildPhase section */
		FC5E09AD19E1BFC200124616 /* Frameworks */ = {
			isa = PBXFrameworksBuildPhase;
			buildActionMask = 2147483647;
			files = (
			);
			runOnlyForDeploymentPostprocessing = 0;
		};
		FC5E09C619E1BFC200124616 /* Frameworks */ = {
			isa = PBXFrameworksBuildPhase;
			buildActionMask = 2147483647;
			files = (
			);
			runOnlyForDeploymentPostprocessing = 0;
		};
/* End PBXFrameworksBuildPhase section */

/* Begin PBXGroup section */
		FC5E09A719E1BFC200124616 = {
			isa = PBXGroup;
			children = (
				FC5E09B219E1BFC200124616 /* BlocBrowser */,
				FC5E09CC19E1BFC200124616 /* BlocBrowserTests */,
				FC5E09B119E1BFC200124616 /* Products */,
			);
			sourceTree = "<group>";
		};
		FC5E09B119E1BFC200124616 /* Products */ = {
			isa = PBXGroup;
			children = (
				FC5E09B019E1BFC200124616 /* BlocBrowser.app */,
				FC5E09C919E1BFC200124616 /* BlocBrowserTests.xctest */,
			);
			name = Products;
			sourceTree = "<group>";
		};
		FC5E09B219E1BFC200124616 /* BlocBrowser */ = {
			isa = PBXGroup;
			children = (
				FC5E09B719E1BFC200124616 /* AppDelegate.h */,
				FC5E09B819E1BFC200124616 /* AppDelegate.m */,
				FCB3401919E2165600997E34 /* AwesomeFloatingToolbar.h */,
				FCB3401A19E2165600997E34 /* AwesomeFloatingToolbar.m */,
				FC5E09BA19E1BFC200124616 /* WebBrowserViewController.h */,
				FC5E09BB19E1BFC200124616 /* WebBrowserViewController.m */,
				FC5E09BD19E1BFC200124616 /* Main.storyboard */,
				FC5E09C019E1BFC200124616 /* Images.xcassets */,
				FC5E09C219E1BFC200124616 /* LaunchScreen.xib */,
				FC5E09B319E1BFC200124616 /* Supporting Files */,
			);
			path = BlocBrowser;
			sourceTree = "<group>";
		};
		FC5E09B319E1BFC200124616 /* Supporting Files */ = {
			isa = PBXGroup;
			children = (
				FC5E09B419E1BFC200124616 /* Info.plist */,
				FC5E09B519E1BFC200124616 /* main.m */,
			);
			name = "Supporting Files";
			sourceTree = "<group>";
		};
		FC5E09CC19E1BFC200124616 /* BlocBrowserTests */ = {
			isa = PBXGroup;
			children = (
				FC5E09CF19E1BFC200124616 /* BlocBrowserTests.m */,
				FC5E09CD19E1BFC200124616 /* Supporting Files */,
			);
			path = BlocBrowserTests;
			sourceTree = "<group>";
		};
		FC5E09CD19E1BFC200124616 /* Supporting Files */ = {
			isa = PBXGroup;
			children = (
				FC5E09CE19E1BFC200124616 /* Info.plist */,
			);
			name = "Supporting Files";
			sourceTree = "<group>";
		};
/* End PBXGroup section */

/* Begin PBXNativeTarget section */
		FC5E09AF19E1BFC200124616 /* BlocBrowser */ = {
			isa = PBXNativeTarget;
			buildConfigurationList = FC5E09D319E1BFC200124616 /* Build configuration list for PBXNativeTarget "BlocBrowser" */;
			buildPhases = (
				FC5E09AC19E1BFC200124616 /* Sources */,
				FC5E09AD19E1BFC200124616 /* Frameworks */,
				FC5E09AE19E1BFC200124616 /* Resources */,
			);
			buildRules = (
			);
			dependencies = (
			);
			name = BlocBrowser;
			productName = BlocBrowser;
			productReference = FC5E09B019E1BFC200124616 /* BlocBrowser.app */;
			productType = "com.apple.product-type.application";
		};
		FC5E09C819E1BFC200124616 /* BlocBrowserTests */ = {
			isa = PBXNativeTarget;
			buildConfigurationList = FC5E09D619E1BFC200124616 /* Build configuration list for PBXNativeTarget "BlocBrowserTests" */;
			buildPhases = (
				FC5E09C519E1BFC200124616 /* Sources */,
				FC5E09C619E1BFC200124616 /* Frameworks */,
				FC5E09C719E1BFC200124616 /* Resources */,
			);
			buildRules = (
			);
			dependencies = (
				FC5E09CB19E1BFC200124616 /* PBXTargetDependency */,
			);
			name = BlocBrowserTests;
			productName = BlocBrowserTests;
			productReference = FC5E09C919E1BFC200124616 /* BlocBrowserTests.xctest */;
			productType = "com.apple.product-type.bundle.unit-test";
		};
/* End PBXNativeTarget section */

/* Begin PBXProject section */
		FC5E09A819E1BFC200124616 /* Project object */ = {
			isa = PBXProject;
			attributes = {
				LastUpgradeCheck = 0600;
				ORGANIZATIONNAME = "Jon Jungemann";
				TargetAttributes = {
					FC5E09AF19E1BFC200124616 = {
						CreatedOnToolsVersion = 6.0.1;
					};
					FC5E09C819E1BFC200124616 = {
						CreatedOnToolsVersion = 6.0.1;
						TestTargetID = FC5E09AF19E1BFC200124616;
					};
				};
			};
			buildConfigurationList = FC5E09AB19E1BFC200124616 /* Build configuration list for PBXProject "BlocBrowser" */;
			compatibilityVersion = "Xcode 3.2";
			developmentRegion = English;
			hasScannedForEncodings = 0;
			knownRegions = (
				en,
				Base,
			);
			mainGroup = FC5E09A719E1BFC200124616;
			productRefGroup = FC5E09B119E1BFC200124616 /* Products */;
			projectDirPath = "";
			projectRoot = "";
			targets = (
				FC5E09AF19E1BFC200124616 /* BlocBrowser */,
				FC5E09C819E1BFC200124616 /* BlocBrowserTests */,
			);
		};
/* End PBXProject section */

/* Begin PBXResourcesBuildPhase section */
		FC5E09AE19E1BFC200124616 /* Resources */ = {
			isa = PBXResourcesBuildPhase;
			buildActionMask = 2147483647;
			files = (
				FC5E09BF19E1BFC200124616 /* Main.storyboard in Resources */,
				FC5E09C419E1BFC200124616 /* LaunchScreen.xib in Resources */,
				FC5E09C119E1BFC200124616 /* Images.xcassets in Resources */,
			);
			runOnlyForDeploymentPostprocessing = 0;
		};
		FC5E09C719E1BFC200124616 /* Resources */ = {
			isa = PBXResourcesBuildPhase;
			buildActionMask = 2147483647;
			files = (
			);
			runOnlyForDeploymentPostprocessing = 0;
		};
/* End PBXResourcesBuildPhase section */

/* Begin PBXSourcesBuildPhase section */
		FC5E09AC19E1BFC200124616 /* Sources */ = {
			isa = PBXSourcesBuildPhase;
			buildActionMask = 2147483647;
			files = (
				FC5E09BC19E1BFC200124616 /* WebBrowserViewController.m in Sources */,
				FC5E09B919E1BFC200124616 /* AppDelegate.m in Sources */,
				FC5E09B619E1BFC200124616 /* main.m in Sources */,
				FCB3401B19E2165600997E34 /* AwesomeFloatingToolbar.m in Sources */,
			);
			runOnlyForDeploymentPostprocessing = 0;
		};
		FC5E09C519E1BFC200124616 /* Sources */ = {
			isa = PBXSourcesBuildPhase;
			buildActionMask = 2147483647;
			files = (
				FC5E09D019E1BFC200124616 /* BlocBrowserTests.m in Sources */,
			);
			runOnlyForDeploymentPostprocessing = 0;
		};
/* End PBXSourcesBuildPhase section */

/* Begin PBXTargetDependency section */
		FC5E09CB19E1BFC200124616 /* PBXTargetDependency */ = {
			isa = PBXTargetDependency;
			target = FC5E09AF19E1BFC200124616 /* BlocBrowser */;
			targetProxy = FC5E09CA19E1BFC200124616 /* PBXContainerItemProxy */;
		};
/* End PBXTargetDependency section */

/* Begin PBXVariantGroup section */
		FC5E09BD19E1BFC200124616 /* Main.storyboard */ = {
			isa = PBXVariantGroup;
			children = (
				FC5E09BE19E1BFC200124616 /* Base */,
			);
			name = Main.storyboard;
			sourceTree = "<group>";
		};
		FC5E09C219E1BFC200124616 /* LaunchScreen.xib */ = {
			isa = PBXVariantGroup;
			children = (
				FC5E09C319E1BFC200124616 /* Base */,
			);
			name = LaunchScreen.xib;
			sourceTree = "<group>";
		};
/* End PBXVariantGroup section */

/* Begin XCBuildConfiguration section */
		FC5E09D119E1BFC200124616 /* Debug */ = {
			isa = XCBuildConfiguration;
			buildSettings = {
				ALWAYS_SEARCH_USER_PATHS = NO;
				CLANG_CXX_LANGUAGE_STANDARD = "gnu++0x";
				CLANG_CXX_LIBRARY = "libc++";
				CLANG_ENABLE_MODULES = YES;
				CLANG_ENABLE_OBJC_ARC = YES;
				CLANG_WARN_BOOL_CONVERSION = YES;
				CLANG_WARN_CONSTANT_CONVERSION = YES;
				CLANG_WARN_DIRECT_OBJC_ISA_USAGE = YES_ERROR;
				CLANG_WARN_EMPTY_BODY = YES;
				CLANG_WARN_ENUM_CONVERSION = YES;
				CLANG_WARN_INT_CONVERSION = YES;
				CLANG_WARN_OBJC_ROOT_CLASS = YES_ERROR;
				CLANG_WARN_UNREACHABLE_CODE = YES;
				CLANG_WARN__DUPLICATE_METHOD_MATCH = YES;
				"CODE_SIGN_IDENTITY[sdk=iphoneos*]" = "iPhone Developer";
				COPY_PHASE_STRIP = NO;
				ENABLE_STRICT_OBJC_MSGSEND = YES;
				GCC_C_LANGUAGE_STANDARD = gnu99;
				GCC_DYNAMIC_NO_PIC = NO;
				GCC_OPTIMIZATION_LEVEL = 0;
				GCC_PREPROCESSOR_DEFINITIONS = (
					"DEBUG=1",
					"$(inherited)",
				);
				GCC_SYMBOLS_PRIVATE_EXTERN = NO;
				GCC_WARN_64_TO_32_BIT_CONVERSION = YES;
				GCC_WARN_ABOUT_RETURN_TYPE = YES_ERROR;
				GCC_WARN_UNDECLARED_SELECTOR = YES;
				GCC_WARN_UNINITIALIZED_AUTOS = YES_AGGRESSIVE;
				GCC_WARN_UNUSED_FUNCTION = YES;
				GCC_WARN_UNUSED_VARIABLE = YES;
				IPHONEOS_DEPLOYMENT_TARGET = 8.0;
				MTL_ENABLE_DEBUG_INFO = YES;
				ONLY_ACTIVE_ARCH = YES;
				SDKROOT = iphoneos;
				TARGETED_DEVICE_FAMILY = "1,2";
			};
			name = Debug;
		};
		FC5E09D219E1BFC200124616 /* Release */ = {
			isa = XCBuildConfiguration;
			buildSettings = {
				ALWAYS_SEARCH_USER_PATHS = NO;
				CLANG_CXX_LANGUAGE_STANDARD = "gnu++0x";
				CLANG_CXX_LIBRARY = "libc++";
				CLANG_ENABLE_MODULES = YES;
				CLANG_ENABLE_OBJC_ARC = YES;
				CLANG_WARN_BOOL_CONVERSION = YES;
				CLANG_WARN_CONSTANT_CONVERSION = YES;
				CLANG_WARN_DIRECT_OBJC_ISA_USAGE = YES_ERROR;
				CLANG_WARN_EMPTY_BODY = YES;
				CLANG_WARN_ENUM_CONVERSION = YES;
				CLANG_WARN_INT_CONVERSION = YES;
				CLANG_WARN_OBJC_ROOT_CLASS = YES_ERROR;
				CLANG_WARN_UNREACHABLE_CODE = YES;
				CLANG_WARN__DUPLICATE_METHOD_MATCH = YES;
				"CODE_SIGN_IDENTITY[sdk=iphoneos*]" = "iPhone Developer";
				COPY_PHASE_STRIP = YES;
				ENABLE_NS_ASSERTIONS = NO;
				ENABLE_STRICT_OBJC_MSGSEND = YES;
				GCC_C_LANGUAGE_STANDARD = gnu99;
				GCC_WARN_64_TO_32_BIT_CONVERSION = YES;
				GCC_WARN_ABOUT_RETURN_TYPE = YES_ERROR;
				GCC_WARN_UNDECLARED_SELECTOR = YES;
				GCC_WARN_UNINITIALIZED_AUTOS = YES_AGGRESSIVE;
				GCC_WARN_UNUSED_FUNCTION = YES;
				GCC_WARN_UNUSED_VARIABLE = YES;
				IPHONEOS_DEPLOYMENT_TARGET = 8.0;
				MTL_ENABLE_DEBUG_INFO = NO;
				SDKROOT = iphoneos;
				TARGETED_DEVICE_FAMILY = "1,2";
				VALIDATE_PRODUCT = YES;
			};
			name = Release;
		};
		FC5E09D419E1BFC200124616 /* Debug */ = {
			isa = XCBuildConfiguration;
			buildSettings = {
				ASSETCATALOG_COMPILER_APPICON_NAME = AppIcon;
				INFOPLIST_FILE = BlocBrowser/Info.plist;
				LD_RUNPATH_SEARCH_PATHS = "$(inherited) @executable_path/Frameworks";
				PRODUCT_NAME = "$(TARGET_NAME)";
			};
			name = Debug;
		};
		FC5E09D519E1BFC200124616 /* Release */ = {
			isa = XCBuildConfiguration;
			buildSettings = {
				ASSETCATALOG_COMPILER_APPICON_NAME = AppIcon;
				INFOPLIST_FILE = BlocBrowser/Info.plist;
				LD_RUNPATH_SEARCH_PATHS = "$(inherited) @executable_path/Frameworks";
				PRODUCT_NAME = "$(TARGET_NAME)";
			};
			name = Release;
		};
		FC5E09D719E1BFC200124616 /* Debug */ = {
			isa = XCBuildConfiguration;
			buildSettings = {
				BUNDLE_LOADER = "$(TEST_HOST)";
				FRAMEWORK_SEARCH_PATHS = (
					"$(SDKROOT)/Developer/Library/Frameworks",
					"$(inherited)",
				);
				GCC_PREPROCESSOR_DEFINITIONS = (
					"DEBUG=1",
					"$(inherited)",
				);
				INFOPLIST_FILE = BlocBrowserTests/Info.plist;
				LD_RUNPATH_SEARCH_PATHS = "$(inherited) @executable_path/Frameworks @loader_path/Frameworks";
				PRODUCT_NAME = "$(TARGET_NAME)";
				TEST_HOST = "$(BUILT_PRODUCTS_DIR)/BlocBrowser.app/BlocBrowser";
			};
			name = Debug;
		};
		FC5E09D819E1BFC200124616 /* Release */ = {
			isa = XCBuildConfiguration;
			buildSettings = {
				BUNDLE_LOADER = "$(TEST_HOST)";
				FRAMEWORK_SEARCH_PATHS = (
					"$(SDKROOT)/Developer/Library/Frameworks",
					"$(inherited)",
				);
				INFOPLIST_FILE = BlocBrowserTests/Info.plist;
				LD_RUNPATH_SEARCH_PATHS = "$(inherited) @executable_path/Frameworks @loader_path/Frameworks";
				PRODUCT_NAME = "$(TARGET_NAME)";
				TEST_HOST = "$(BUILT_PRODUCTS_DIR)/BlocBrowser.app/BlocBrowser";
			};
			name = Release;
		};
/* End XCBuildConfiguration section */

/* Begin XCConfigurationList section */
		FC5E09AB19E1BFC200124616 /* Build configuration list for PBXProject "BlocBrowser" */ = {
			isa = XCConfigurationList;
			buildConfigurations = (
				FC5E09D119E1BFC200124616 /* Debug */,
				FC5E09D219E1BFC200124616 /* Release */,
			);
			defaultConfigurationIsVisible = 0;
			defaultConfigurationName = Release;
		};
		FC5E09D319E1BFC200124616 /* Build configuration list for PBXNativeTarget "BlocBrowser" */ = {
			isa = XCConfigurationList;
			buildConfigurations = (
				FC5E09D419E1BFC200124616 /* Debug */,
				FC5E09D519E1BFC200124616 /* Release */,
			);
			defaultConfigurationIsVisible = 0;
			defaultConfigurationName = Release;
		};
		FC5E09D619E1BFC200124616 /* Build configuration list for PBXNativeTarget "BlocBrowserTests" */ = {
			isa = XCConfigurationList;
			buildConfigurations = (
				FC5E09D719E1BFC200124616 /* Debug */,
				FC5E09D819E1BFC200124616 /* Release */,
			);
			defaultConfigurationIsVisible = 0;
			defaultConfigurationName = Release;
		};
/* End XCConfigurationList section */
	};
	rootObject = FC5E09A819E1BFC200124616 /* Project object */;
}
